
Microsoft Visual Studio Solution File, Format Version 12.00
# Visual Studio Version 17
VisualStudioVersion = 17.10.34928.147
MinimumVisualStudioVersion = 10.0.40219.1
Project("{9A19103F-16F7-4668-BE54-9A1E7A4F7556}") = "Application", "Application\Application.csproj", "{50F9E69E-2980-4E43-87CC-AAE7596A84FD}"
EndProject
Project("{9A19103F-16F7-4668-BE54-9A1E7A4F7556}") = "Domain", "Domain\Domain.csproj", "{65AC4C54-4992-4F41-9952-0724D66FCED1}"
EndProject
Project("{9A19103F-16F7-4668-BE54-9A1E7A4F7556}") = "Infrastructure", "Infrastructure\Infrastructure.csproj", "{65C7D5F7-7B66-4690-B35F-6A82834C0C8B}"
EndProject
Project("{9A19103F-16F7-4668-BE54-9A1E7A4F7556}") = "Web", "Web\Web.csproj", "{237A4B59-52BD-439B-934D-C4254E230771}"
EndProject
Global
	GlobalSection(SolutionConfigurationPlatforms) = preSolution
		Debug|Any CPU = Debug|Any CPU
		Release|Any CPU = Release|Any CPU
	EndGlobalSection
	GlobalSection(ProjectConfigurationPlatforms) = postSolution
		{50F9E69E-2980-4E43-87CC-AAE7596A84FD}.Debug|Any CPU.ActiveCfg = Debug|Any CPU
		{50F9E69E-2980-4E43-87CC-AAE7596A84FD}.Debug|Any CPU.Build.0 = Debug|Any CPU
		{50F9E69E-2980-4E43-87CC-AAE7596A84FD}.Release|Any CPU.ActiveCfg = Release|Any CPU
		{50F9E69E-2980-4E43-87CC-AAE7596A84FD}.Release|Any CPU.Build.0 = Release|Any CPU
		{65AC4C54-4992-4F41-9952-0724D66FCED1}.Debug|Any CPU.ActiveCfg = Debug|Any CPU
		{65AC4C54-4992-4F41-9952-0724D66FCED1}.Debug|Any CPU.Build.0 = Debug|Any CPU
		{65AC4C54-4992-4F41-9952-0724D66FCED1}.Release|Any CPU.ActiveCfg = Release|Any CPU
		{65AC4C54-4992-4F41-9952-0724D66FCED1}.Release|Any CPU.Build.0 = Release|Any CPU
		{65C7D5F7-7B66-4690-B35F-6A82834C0C8B}.Debug|Any CPU.ActiveCfg = Debug|Any CPU
		{65C7D5F7-7B66-4690-B35F-6A82834C0C8B}.Debug|Any CPU.Build.0 = Debug|Any CPU
		{65C7D5F7-7B66-4690-B35F-6A82834C0C8B}.Release|Any CPU.ActiveCfg = Release|Any CPU
		{65C7D5F7-7B66-4690-B35F-6A82834C0C8B}.Release|Any CPU.Build.0 = Release|Any CPU
		{237A4B59-52BD-439B-934D-C4254E230771}.Debug|Any CPU.ActiveCfg = Debug|Any CPU
		{237A4B59-52BD-439B-934D-C4254E230771}.Debug|Any CPU.Build.0 = Debug|Any CPU
		{237A4B59-52BD-439B-934D-C4254E230771}.Release|Any CPU.ActiveCfg = Release|Any CPU
		{237A4B59-52BD-439B-934D-C4254E230771}.Release|Any CPU.Build.0 = Release|Any CPU
	EndGlobalSection
	GlobalSection(SolutionProperties) = preSolution
		HideSolutionNode = FALSE
	EndGlobalSection
	GlobalSection(ExtensibilityGlobals) = postSolution
		SolutionGuid = {DDD8B893-80D7-4486-9619-4A7E3D9303E0}
	EndGlobalSection
EndGlobal
